{
  "name": "expense-web-assets",
  "lockfileVersion": 3,
  "requires": true,
  "packages": {
    "": {
      "name": "expense-web-assets",
      "hasInstallScript": true,
      "dependencies": {
        "sql.js": "1.10.3"
      }
    },
    "node_modules/sql.js": {
      "version": "1.10.3",
      "resolved": "https://registry.npmjs.org/sql.js/-/sql.js-1.10.3.tgz",
      "integrity": "sha512-H46aWtQkdyjZwFQgraUruy5h/DyJBbAK3EA/WEMqiqF6PGPfKBSKBj/er3dVyYqVIoYfRf5TFM/loEjtQIrqJg==",
      "license": "MIT"
    }
  }
}
